
Microsoft Visual Studio Solution File, Format Version 11.00
# Visual Studio 2010
Project("{FAE04EC0-301F-11D3-BF4B-00C04F79EFBC}") = "UnityEngine.TestRunner", "UnityEngine.TestRunner.csproj", "{a5f045cb-727c-5482-1b71-bedead76c031}"
EndProject
Project("{FAE04EC0-301F-11D3-BF4B-00C04F79EFBC}") = "UnityEngine.UI", "UnityEngine.UI.csproj", "{bb1b6f0d-909b-f499-bdb9-1a46235a92e4}"
EndProject
Project("{FAE04EC0-301F-11D3-BF4B-00C04F79EFBC}") = "Unity.TextMeshPro", "Unity.TextMeshPro.csproj", "{f3b2f133-aece-09a7-fc4c-4f4483d5c9d6}"
EndProject
Project("{FAE04EC0-301F-11D3-BF4B-00C04F79EFBC}") = "Unity.Timeline", "Unity.Timeline.csproj", "{f97f0b73-6701-23cc-2c2d-a940873f685b}"
EndProject
Project("{FAE04EC0-301F-11D3-BF4B-00C04F79EFBC}") = "Unity.TextMeshPro.Editor", "Unity.TextMeshPro.Editor.csproj", "{bd236bff-c03c-b398-bde1-c67d28c6d4cc}"
EndProject
Project("{FAE04EC0-301F-11D3-BF4B-00C04F79EFBC}") = "Unity.Timeline.Editor", "Unity.Timeline.Editor.csproj", "{0db7dc72-64bf-63b5-de4c-3619c9b5aa48}"
EndProject
Project("{FAE04EC0-301F-11D3-BF4B-00C04F79EFBC}") = "UnityEditor.TestRunner", "UnityEditor.TestRunner.csproj", "{d176c5ff-6fa8-6354-ec81-2048df68154b}"
EndProject
Project("{FAE04EC0-301F-11D3-BF4B-00C04F79EFBC}") = "UnityEditor.UI", "UnityEditor.UI.csproj", "{f56db38c-6ec9-ed1f-44fd-4b872f0a1e8b}"
EndProject
Project("{FAE04EC0-301F-11D3-BF4B-00C04F79EFBC}") = "Unity.CollabProxy.Editor", "Unity.CollabProxy.Editor.csproj", "{b78d3ee6-6f30-48e7-1be6-61faed6c1e13}"
EndProject
Project("{FAE04EC0-301F-11D3-BF4B-00C04F79EFBC}") = "Unity.VSCode.Editor", "Unity.VSCode.Editor.csproj", "{823a9a27-2ecf-8711-d816-52bc4dd362e2}"
EndProject
Global
	GlobalSection(SolutionConfigurationPlatforms) = preSolution
		Debug|Any CPU = Debug|Any CPU
	EndGlobalSection
	GlobalSection(ProjectConfigurationPlatforms) = postSolution
		{a5f045cb-727c-5482-1b71-bedead76c031}.Debug|Any CPU.ActiveCfg = Debug|Any CPU
		{a5f045cb-727c-5482-1b71-bedead76c031}.Debug|Any CPU.Build.0 = Debug|Any CPU
		{bb1b6f0d-909b-f499-bdb9-1a46235a92e4}.Debug|Any CPU.ActiveCfg = Debug|Any CPU
		{bb1b6f0d-909b-f499-bdb9-1a46235a92e4}.Debug|Any CPU.Build.0 = Debug|Any CPU
		{f3b2f133-aece-09a7-fc4c-4f4483d5c9d6}.Debug|Any CPU.ActiveCfg = Debug|Any CPU
		{f3b2f133-aece-09a7-fc4c-4f4483d5c9d6}.Debug|Any CPU.Build.0 = Debug|Any CPU
		{f97f0b73-6701-23cc-2c2d-a940873f685b}.Debug|Any CPU.ActiveCfg = Debug|Any CPU
		{f97f0b73-6701-23cc-2c2d-a940873f685b}.Debug|Any CPU.Build.0 = Debug|Any CPU
		{bd236bff-c03c-b398-bde1-c67d28c6d4cc}.Debug|Any CPU.ActiveCfg = Debug|Any CPU
		{bd236bff-c03c-b398-bde1-c67d28c6d4cc}.Debug|Any CPU.Build.0 = Debug|Any CPU
		{0db7dc72-64bf-63b5-de4c-3619c9b5aa48}.Debug|Any CPU.ActiveCfg = Debug|Any CPU
		{0db7dc72-64bf-63b5-de4c-3619c9b5aa48}.Debug|Any CPU.Build.0 = Debug|Any CPU
		{d176c5ff-6fa8-6354-ec81-2048df68154b}.Debug|Any CPU.ActiveCfg = Debug|Any CPU
		{d176c5ff-6fa8-6354-ec81-2048df68154b}.Debug|Any CPU.Build.0 = Debug|Any CPU
		{f56db38c-6ec9-ed1f-44fd-4b872f0a1e8b}.Debug|Any CPU.ActiveCfg = Debug|Any CPU
		{f56db38c-6ec9-ed1f-44fd-4b872f0a1e8b}.Debug|Any CPU.Build.0 = Debug|Any CPU
		{b78d3ee6-6f30-48e7-1be6-61faed6c1e13}.Debug|Any CPU.ActiveCfg = Debug|Any CPU
		{b78d3ee6-6f30-48e7-1be6-61faed6c1e13}.Debug|Any CPU.Build.0 = Debug|Any CPU
		{823a9a27-2ecf-8711-d816-52bc4dd362e2}.Debug|Any CPU.ActiveCfg = Debug|Any CPU
		{823a9a27-2ecf-8711-d816-52bc4dd362e2}.Debug|Any CPU.Build.0 = Debug|Any CPU
	EndGlobalSection
	GlobalSection(SolutionProperties) = preSolution
		HideSolutionNode = FALSE
	EndGlobalSection
EndGlobal
