
Microsoft Visual Studio Solution File, Format Version 11.00
# Visual Studio 2010
Project("{FAE04EC0-301F-11D3-BF4B-00C04F79EFBC}") = "UnityEngine.TestRunner", "UnityEngine.TestRunner.csproj", "{501E9A76-6FAC-39A8-2DCD-315B9E02AFE7}"
EndProject
Project("{FAE04EC0-301F-11D3-BF4B-00C04F79EFBC}") = "Unity.RenderPipelines.Universal.Runtime", "Unity.RenderPipelines.Universal.Runtime.csproj", "{BA55829C-EB0B-09E4-6E8B-67D424E818F7}"
EndProject
Project("{FAE04EC0-301F-11D3-BF4B-00C04F79EFBC}") = "UnityEngine.UI", "UnityEngine.UI.csproj", "{7F28A226-5B93-135C-D141-3D8CA94EB875}"
EndProject
Project("{FAE04EC0-301F-11D3-BF4B-00C04F79EFBC}") = "Unity.TextMeshPro", "Unity.TextMeshPro.csproj", "{16A92F45-BBC9-EE58-C4B3-C51DDC496652}"
EndProject
Project("{FAE04EC0-301F-11D3-BF4B-00C04F79EFBC}") = "Unity.Timeline", "Unity.Timeline.csproj", "{D57BA57F-8853-298F-A737-DDBC51E8AD69}"
EndProject
Project("{FAE04EC0-301F-11D3-BF4B-00C04F79EFBC}") = "Cinemachine", "Cinemachine.csproj", "{FF208BFD-CFD6-6176-785A-5BE6B66CCE35}"
EndProject
Project("{FAE04EC0-301F-11D3-BF4B-00C04F79EFBC}") = "Unity.RenderPipelines.Core.Runtime", "Unity.RenderPipelines.Core.Runtime.csproj", "{CC654A99-3B33-49F2-58CB-8AD1D3770E0B}"
EndProject
Project("{FAE04EC0-301F-11D3-BF4B-00C04F79EFBC}") = "Assembly-CSharp", "Assembly-CSharp.csproj", "{D72322AD-8B5A-DB68-89E8-70AF327EF9F9}"
EndProject
Project("{FAE04EC0-301F-11D3-BF4B-00C04F79EFBC}") = "Unity.RenderPipelines.ShaderGraph.ShaderGraphLibrary", "Unity.RenderPipelines.ShaderGraph.ShaderGraphLibrary.csproj", "{5E926A7E-2573-5214-27E1-A36E2C95CD76}"
EndProject
Project("{FAE04EC0-301F-11D3-BF4B-00C04F79EFBC}") = "Unity.RenderPipeline.Universal.ShaderLibrary", "Unity.RenderPipeline.Universal.ShaderLibrary.csproj", "{C3A8D12F-5300-5DC3-1602-D76AA8003900}"
EndProject
Project("{FAE04EC0-301F-11D3-BF4B-00C04F79EFBC}") = "Unity.RenderPipelines.Core.ShaderLibrary", "Unity.RenderPipelines.Core.ShaderLibrary.csproj", "{8E8AB2D8-AECE-6091-0EFB-A1E3B530B5AE}"
EndProject
Project("{FAE04EC0-301F-11D3-BF4B-00C04F79EFBC}") = "Unity.RenderPipelines.Universal.Shaders", "Unity.RenderPipelines.Universal.Shaders.csproj", "{4647447C-A50D-6C74-5746-2B234B153516}"
EndProject
Project("{FAE04EC0-301F-11D3-BF4B-00C04F79EFBC}") = "Unity.ShaderGraph.Editor", "Unity.ShaderGraph.Editor.csproj", "{239EAC95-7B11-5194-A2E7-4B597524DF64}"
EndProject
Project("{FAE04EC0-301F-11D3-BF4B-00C04F79EFBC}") = "Unity.TextMeshPro.Editor", "Unity.TextMeshPro.Editor.csproj", "{D8B2D2A6-8042-E030-E6F1-13B2085415CC}"
EndProject
Project("{FAE04EC0-301F-11D3-BF4B-00C04F79EFBC}") = "Unity.Timeline.Editor", "Unity.Timeline.Editor.csproj", "{D24923F5-4D62-F4E2-8DE7-78710E4E8669}"
EndProject
Project("{FAE04EC0-301F-11D3-BF4B-00C04F79EFBC}") = "UnityEditor.TestRunner", "UnityEditor.TestRunner.csproj", "{C473D95C-AB06-B874-700C-7714245EC845}"
EndProject
Project("{FAE04EC0-301F-11D3-BF4B-00C04F79EFBC}") = "Unity.RenderPipelines.Universal.Editor", "Unity.RenderPipelines.Universal.Editor.csproj", "{BF062AF2-BBFD-183D-5092-C704E2AFFCD5}"
EndProject
Project("{FAE04EC0-301F-11D3-BF4B-00C04F79EFBC}") = "com.unity.cinemachine.editor", "com.unity.cinemachine.editor.csproj", "{9F303430-C17C-1AD6-2856-A7125343A6AD}"
EndProject
Project("{FAE04EC0-301F-11D3-BF4B-00C04F79EFBC}") = "UnityEditor.UI", "UnityEditor.UI.csproj", "{D92600D6-F7E9-00F3-225C-D63367CF7B0E}"
EndProject
Project("{FAE04EC0-301F-11D3-BF4B-00C04F79EFBC}") = "Unity.Rider.Editor", "Unity.Rider.Editor.csproj", "{02A3687B-10D8-35BE-06C3-BD78DEB70E14}"
EndProject
Project("{FAE04EC0-301F-11D3-BF4B-00C04F79EFBC}") = "Unity.RenderPipelines.Core.Editor", "Unity.RenderPipelines.Core.Editor.csproj", "{7F448792-DA93-EA9B-31CE-02CB4B7264F8}"
EndProject
Project("{FAE04EC0-301F-11D3-BF4B-00C04F79EFBC}") = "Unity.CollabProxy.Editor", "Unity.CollabProxy.Editor.csproj", "{8E9CE838-CAF6-2EF6-968B-38A0ECB75F5D}"
EndProject
Project("{FAE04EC0-301F-11D3-BF4B-00C04F79EFBC}") = "Unity.VSCode.Editor", "Unity.VSCode.Editor.csproj", "{CDA5BF32-122E-6092-43BA-EDC29295B48D}"
EndProject
Project("{FAE04EC0-301F-11D3-BF4B-00C04F79EFBC}") = "Unity.ShaderGraph.Utilities", "Unity.ShaderGraph.Utilities.csproj", "{F3872B9B-0D68-A9F4-77E9-3BDDB95BC38D}"
EndProject
Project("{FAE04EC0-301F-11D3-BF4B-00C04F79EFBC}") = "Assembly-CSharp-Editor", "Assembly-CSharp-Editor.csproj", "{34AC635D-A65F-A716-334B-2FE5DE008200}"
EndProject
Global
	GlobalSection(SolutionConfigurationPlatforms) = preSolution
		Debug|Any CPU = Debug|Any CPU
		Release|Any CPU = Release|Any CPU
	EndGlobalSection
	GlobalSection(ProjectConfigurationPlatforms) = postSolution
		{501E9A76-6FAC-39A8-2DCD-315B9E02AFE7}.Debug|Any CPU.ActiveCfg = Debug|Any CPU
		{501E9A76-6FAC-39A8-2DCD-315B9E02AFE7}.Debug|Any CPU.Build.0 = Debug|Any CPU
		{501E9A76-6FAC-39A8-2DCD-315B9E02AFE7}.Release|Any CPU.ActiveCfg = Release|Any CPU
		{501E9A76-6FAC-39A8-2DCD-315B9E02AFE7}.Release|Any CPU.Build.0 = Release|Any CPU
		{BA55829C-EB0B-09E4-6E8B-67D424E818F7}.Debug|Any CPU.ActiveCfg = Debug|Any CPU
		{BA55829C-EB0B-09E4-6E8B-67D424E818F7}.Debug|Any CPU.Build.0 = Debug|Any CPU
		{BA55829C-EB0B-09E4-6E8B-67D424E818F7}.Release|Any CPU.ActiveCfg = Release|Any CPU
		{BA55829C-EB0B-09E4-6E8B-67D424E818F7}.Release|Any CPU.Build.0 = Release|Any CPU
		{7F28A226-5B93-135C-D141-3D8CA94EB875}.Debug|Any CPU.ActiveCfg = Debug|Any CPU
		{7F28A226-5B93-135C-D141-3D8CA94EB875}.Debug|Any CPU.Build.0 = Debug|Any CPU
		{7F28A226-5B93-135C-D141-3D8CA94EB875}.Release|Any CPU.ActiveCfg = Release|Any CPU
		{7F28A226-5B93-135C-D141-3D8CA94EB875}.Release|Any CPU.Build.0 = Release|Any CPU
		{16A92F45-BBC9-EE58-C4B3-C51DDC496652}.Debug|Any CPU.ActiveCfg = Debug|Any CPU
		{16A92F45-BBC9-EE58-C4B3-C51DDC496652}.Debug|Any CPU.Build.0 = Debug|Any CPU
		{16A92F45-BBC9-EE58-C4B3-C51DDC496652}.Release|Any CPU.ActiveCfg = Release|Any CPU
		{16A92F45-BBC9-EE58-C4B3-C51DDC496652}.Release|Any CPU.Build.0 = Release|Any CPU
		{D57BA57F-8853-298F-A737-DDBC51E8AD69}.Debug|Any CPU.ActiveCfg = Debug|Any CPU
		{D57BA57F-8853-298F-A737-DDBC51E8AD69}.Debug|Any CPU.Build.0 = Debug|Any CPU
		{D57BA57F-8853-298F-A737-DDBC51E8AD69}.Release|Any CPU.ActiveCfg = Release|Any CPU
		{D57BA57F-8853-298F-A737-DDBC51E8AD69}.Release|Any CPU.Build.0 = Release|Any CPU
		{FF208BFD-CFD6-6176-785A-5BE6B66CCE35}.Debug|Any CPU.ActiveCfg = Debug|Any CPU
		{FF208BFD-CFD6-6176-785A-5BE6B66CCE35}.Debug|Any CPU.Build.0 = Debug|Any CPU
		{FF208BFD-CFD6-6176-785A-5BE6B66CCE35}.Release|Any CPU.ActiveCfg = Release|Any CPU
		{FF208BFD-CFD6-6176-785A-5BE6B66CCE35}.Release|Any CPU.Build.0 = Release|Any CPU
		{CC654A99-3B33-49F2-58CB-8AD1D3770E0B}.Debug|Any CPU.ActiveCfg = Debug|Any CPU
		{CC654A99-3B33-49F2-58CB-8AD1D3770E0B}.Debug|Any CPU.Build.0 = Debug|Any CPU
		{CC654A99-3B33-49F2-58CB-8AD1D3770E0B}.Release|Any CPU.ActiveCfg = Release|Any CPU
		{CC654A99-3B33-49F2-58CB-8AD1D3770E0B}.Release|Any CPU.Build.0 = Release|Any CPU
		{D72322AD-8B5A-DB68-89E8-70AF327EF9F9}.Debug|Any CPU.ActiveCfg = Debug|Any CPU
		{D72322AD-8B5A-DB68-89E8-70AF327EF9F9}.Debug|Any CPU.Build.0 = Debug|Any CPU
		{D72322AD-8B5A-DB68-89E8-70AF327EF9F9}.Release|Any CPU.ActiveCfg = Release|Any CPU
		{D72322AD-8B5A-DB68-89E8-70AF327EF9F9}.Release|Any CPU.Build.0 = Release|Any CPU
		{5E926A7E-2573-5214-27E1-A36E2C95CD76}.Debug|Any CPU.ActiveCfg = Debug|Any CPU
		{5E926A7E-2573-5214-27E1-A36E2C95CD76}.Debug|Any CPU.Build.0 = Debug|Any CPU
		{5E926A7E-2573-5214-27E1-A36E2C95CD76}.Release|Any CPU.ActiveCfg = Release|Any CPU
		{5E926A7E-2573-5214-27E1-A36E2C95CD76}.Release|Any CPU.Build.0 = Release|Any CPU
		{C3A8D12F-5300-5DC3-1602-D76AA8003900}.Debug|Any CPU.ActiveCfg = Debug|Any CPU
		{C3A8D12F-5300-5DC3-1602-D76AA8003900}.Debug|Any CPU.Build.0 = Debug|Any CPU
		{C3A8D12F-5300-5DC3-1602-D76AA8003900}.Release|Any CPU.ActiveCfg = Release|Any CPU
		{C3A8D12F-5300-5DC3-1602-D76AA8003900}.Release|Any CPU.Build.0 = Release|Any CPU
		{8E8AB2D8-AECE-6091-0EFB-A1E3B530B5AE}.Debug|Any CPU.ActiveCfg = Debug|Any CPU
		{8E8AB2D8-AECE-6091-0EFB-A1E3B530B5AE}.Debug|Any CPU.Build.0 = Debug|Any CPU
		{8E8AB2D8-AECE-6091-0EFB-A1E3B530B5AE}.Release|Any CPU.ActiveCfg = Release|Any CPU
		{8E8AB2D8-AECE-6091-0EFB-A1E3B530B5AE}.Release|Any CPU.Build.0 = Release|Any CPU
		{4647447C-A50D-6C74-5746-2B234B153516}.Debug|Any CPU.ActiveCfg = Debug|Any CPU
		{4647447C-A50D-6C74-5746-2B234B153516}.Debug|Any CPU.Build.0 = Debug|Any CPU
		{4647447C-A50D-6C74-5746-2B234B153516}.Release|Any CPU.ActiveCfg = Release|Any CPU
		{4647447C-A50D-6C74-5746-2B234B153516}.Release|Any CPU.Build.0 = Release|Any CPU
		{239EAC95-7B11-5194-A2E7-4B597524DF64}.Debug|Any CPU.ActiveCfg = Debug|Any CPU
		{239EAC95-7B11-5194-A2E7-4B597524DF64}.Debug|Any CPU.Build.0 = Debug|Any CPU
		{239EAC95-7B11-5194-A2E7-4B597524DF64}.Release|Any CPU.ActiveCfg = Release|Any CPU
		{239EAC95-7B11-5194-A2E7-4B597524DF64}.Release|Any CPU.Build.0 = Release|Any CPU
		{D8B2D2A6-8042-E030-E6F1-13B2085415CC}.Debug|Any CPU.ActiveCfg = Debug|Any CPU
		{D8B2D2A6-8042-E030-E6F1-13B2085415CC}.Debug|Any CPU.Build.0 = Debug|Any CPU
		{D8B2D2A6-8042-E030-E6F1-13B2085415CC}.Release|Any CPU.ActiveCfg = Release|Any CPU
		{D8B2D2A6-8042-E030-E6F1-13B2085415CC}.Release|Any CPU.Build.0 = Release|Any CPU
		{D24923F5-4D62-F4E2-8DE7-78710E4E8669}.Debug|Any CPU.ActiveCfg = Debug|Any CPU
		{D24923F5-4D62-F4E2-8DE7-78710E4E8669}.Debug|Any CPU.Build.0 = Debug|Any CPU
		{D24923F5-4D62-F4E2-8DE7-78710E4E8669}.Release|Any CPU.ActiveCfg = Release|Any CPU
		{D24923F5-4D62-F4E2-8DE7-78710E4E8669}.Release|Any CPU.Build.0 = Release|Any CPU
		{C473D95C-AB06-B874-700C-7714245EC845}.Debug|Any CPU.ActiveCfg = Debug|Any CPU
		{C473D95C-AB06-B874-700C-7714245EC845}.Debug|Any CPU.Build.0 = Debug|Any CPU
		{C473D95C-AB06-B874-700C-7714245EC845}.Release|Any CPU.ActiveCfg = Release|Any CPU
		{C473D95C-AB06-B874-700C-7714245EC845}.Release|Any CPU.Build.0 = Release|Any CPU
		{BF062AF2-BBFD-183D-5092-C704E2AFFCD5}.Debug|Any CPU.ActiveCfg = Debug|Any CPU
		{BF062AF2-BBFD-183D-5092-C704E2AFFCD5}.Debug|Any CPU.Build.0 = Debug|Any CPU
		{BF062AF2-BBFD-183D-5092-C704E2AFFCD5}.Release|Any CPU.ActiveCfg = Release|Any CPU
		{BF062AF2-BBFD-183D-5092-C704E2AFFCD5}.Release|Any CPU.Build.0 = Release|Any CPU
		{9F303430-C17C-1AD6-2856-A7125343A6AD}.Debug|Any CPU.ActiveCfg = Debug|Any CPU
		{9F303430-C17C-1AD6-2856-A7125343A6AD}.Debug|Any CPU.Build.0 = Debug|Any CPU
		{9F303430-C17C-1AD6-2856-A7125343A6AD}.Release|Any CPU.ActiveCfg = Release|Any CPU
		{9F303430-C17C-1AD6-2856-A7125343A6AD}.Release|Any CPU.Build.0 = Release|Any CPU
		{D92600D6-F7E9-00F3-225C-D63367CF7B0E}.Debug|Any CPU.ActiveCfg = Debug|Any CPU
		{D92600D6-F7E9-00F3-225C-D63367CF7B0E}.Debug|Any CPU.Build.0 = Debug|Any CPU
		{D92600D6-F7E9-00F3-225C-D63367CF7B0E}.Release|Any CPU.ActiveCfg = Release|Any CPU
		{D92600D6-F7E9-00F3-225C-D63367CF7B0E}.Release|Any CPU.Build.0 = Release|Any CPU
		{02A3687B-10D8-35BE-06C3-BD78DEB70E14}.Debug|Any CPU.ActiveCfg = Debug|Any CPU
		{02A3687B-10D8-35BE-06C3-BD78DEB70E14}.Debug|Any CPU.Build.0 = Debug|Any CPU
		{02A3687B-10D8-35BE-06C3-BD78DEB70E14}.Release|Any CPU.ActiveCfg = Release|Any CPU
		{02A3687B-10D8-35BE-06C3-BD78DEB70E14}.Release|Any CPU.Build.0 = Release|Any CPU
		{7F448792-DA93-EA9B-31CE-02CB4B7264F8}.Debug|Any CPU.ActiveCfg = Debug|Any CPU
		{7F448792-DA93-EA9B-31CE-02CB4B7264F8}.Debug|Any CPU.Build.0 = Debug|Any CPU
		{7F448792-DA93-EA9B-31CE-02CB4B7264F8}.Release|Any CPU.ActiveCfg = Release|Any CPU
		{7F448792-DA93-EA9B-31CE-02CB4B7264F8}.Release|Any CPU.Build.0 = Release|Any CPU
		{8E9CE838-CAF6-2EF6-968B-38A0ECB75F5D}.Debug|Any CPU.ActiveCfg = Debug|Any CPU
		{8E9CE838-CAF6-2EF6-968B-38A0ECB75F5D}.Debug|Any CPU.Build.0 = Debug|Any CPU
		{8E9CE838-CAF6-2EF6-968B-38A0ECB75F5D}.Release|Any CPU.ActiveCfg = Release|Any CPU
		{8E9CE838-CAF6-2EF6-968B-38A0ECB75F5D}.Release|Any CPU.Build.0 = Release|Any CPU
		{CDA5BF32-122E-6092-43BA-EDC29295B48D}.Debug|Any CPU.ActiveCfg = Debug|Any CPU
		{CDA5BF32-122E-6092-43BA-EDC29295B48D}.Debug|Any CPU.Build.0 = Debug|Any CPU
		{CDA5BF32-122E-6092-43BA-EDC29295B48D}.Release|Any CPU.ActiveCfg = Release|Any CPU
		{CDA5BF32-122E-6092-43BA-EDC29295B48D}.Release|Any CPU.Build.0 = Release|Any CPU
		{F3872B9B-0D68-A9F4-77E9-3BDDB95BC38D}.Debug|Any CPU.ActiveCfg = Debug|Any CPU
		{F3872B9B-0D68-A9F4-77E9-3BDDB95BC38D}.Debug|Any CPU.Build.0 = Debug|Any CPU
		{F3872B9B-0D68-A9F4-77E9-3BDDB95BC38D}.Release|Any CPU.ActiveCfg = Release|Any CPU
		{F3872B9B-0D68-A9F4-77E9-3BDDB95BC38D}.Release|Any CPU.Build.0 = Release|Any CPU
		{34AC635D-A65F-A716-334B-2FE5DE008200}.Debug|Any CPU.ActiveCfg = Debug|Any CPU
		{34AC635D-A65F-A716-334B-2FE5DE008200}.Debug|Any CPU.Build.0 = Debug|Any CPU
		{34AC635D-A65F-A716-334B-2FE5DE008200}.Release|Any CPU.ActiveCfg = Release|Any CPU
		{34AC635D-A65F-A716-334B-2FE5DE008200}.Release|Any CPU.Build.0 = Release|Any CPU
	EndGlobalSection
	GlobalSection(SolutionProperties) = preSolution
		HideSolutionNode = FALSE
	EndGlobalSection
EndGlobal
