
Microsoft Visual Studio Solution File, Format Version 12.00
# Visual Studio 2017
Project("{FAE04EC0-301F-11D3-BF4B-00C04F79EFBC}") = "DragonRPG.Plugins", "DragonRPG.Plugins.csproj", "{C839C041-E5EA-E800-7060-672E294796C1}"
EndProject
Project("{FAE04EC0-301F-11D3-BF4B-00C04F79EFBC}") = "DragonRPG", "DragonRPG.csproj", "{B3782252-2246-838A-92AB-140EABA1F778}"
EndProject
Project("{FAE04EC0-301F-11D3-BF4B-00C04F79EFBC}") = "DragonRPG.Editor.Plugins", "DragonRPG.Editor.Plugins.csproj", "{073E57C4-999A-F320-684F-FD6897B1F8C9}"
EndProject
Global
	GlobalSection(SolutionConfigurationPlatforms) = preSolution
		Debug|Any CPU = Debug|Any CPU
		Release|Any CPU = Release|Any CPU
	EndGlobalSection
	GlobalSection(ProjectConfigurationPlatforms) = postSolution
		{C839C041-E5EA-E800-7060-672E294796C1}.Debug|Any CPU.ActiveCfg = Debug|Any CPU
		{C839C041-E5EA-E800-7060-672E294796C1}.Debug|Any CPU.Build.0 = Debug|Any CPU
		{C839C041-E5EA-E800-7060-672E294796C1}.Release|Any CPU.ActiveCfg = Release|Any CPU
		{C839C041-E5EA-E800-7060-672E294796C1}.Release|Any CPU.Build.0 = Release|Any CPU
		{B3782252-2246-838A-92AB-140EABA1F778}.Debug|Any CPU.ActiveCfg = Debug|Any CPU
		{B3782252-2246-838A-92AB-140EABA1F778}.Debug|Any CPU.Build.0 = Debug|Any CPU
		{B3782252-2246-838A-92AB-140EABA1F778}.Release|Any CPU.ActiveCfg = Release|Any CPU
		{B3782252-2246-838A-92AB-140EABA1F778}.Release|Any CPU.Build.0 = Release|Any CPU
		{073E57C4-999A-F320-684F-FD6897B1F8C9}.Debug|Any CPU.ActiveCfg = Debug|Any CPU
		{073E57C4-999A-F320-684F-FD6897B1F8C9}.Debug|Any CPU.Build.0 = Debug|Any CPU
		{073E57C4-999A-F320-684F-FD6897B1F8C9}.Release|Any CPU.ActiveCfg = Release|Any CPU
		{073E57C4-999A-F320-684F-FD6897B1F8C9}.Release|Any CPU.Build.0 = Release|Any CPU
	EndGlobalSection
	GlobalSection(SolutionProperties) = preSolution
		HideSolutionNode = FALSE
	EndGlobalSection
EndGlobal
