
Microsoft Visual Studio Solution File, Format Version 11.00
# Visual Studio 2010
Project("{FAE04EC0-301F-11D3-BF4B-00C04F79EFBC}") = "UnityEngine.TestRunner", "UnityEngine.TestRunner.csproj", "{769a1e50-ac6f-a839-2dcd-315b9e02afe7}"
EndProject
Project("{FAE04EC0-301F-11D3-BF4B-00C04F79EFBC}") = "Unity.RenderPipelines.Universal.Runtime", "Unity.RenderPipelines.Universal.Runtime.csproj", "{9c8255ba-0beb-e409-6e8b-67d424e818f7}"
EndProject
Project("{FAE04EC0-301F-11D3-BF4B-00C04F79EFBC}") = "UnityEngine.UI", "UnityEngine.UI.csproj", "{26a2287f-935b-5c13-d141-3d8ca94eb875}"
EndProject
Project("{FAE04EC0-301F-11D3-BF4B-00C04F79EFBC}") = "Unity.TextMeshPro", "Unity.TextMeshPro.csproj", "{452fa916-c9bb-58ee-c4b3-c51ddc496652}"
EndProject
Project("{FAE04EC0-301F-11D3-BF4B-00C04F79EFBC}") = "Unity.Timeline", "Unity.Timeline.csproj", "{7fa57bd5-5388-8f29-a737-ddbc51e8ad69}"
EndProject
Project("{FAE04EC0-301F-11D3-BF4B-00C04F79EFBC}") = "Cinemachine", "Cinemachine.csproj", "{fd8b20ff-d6cf-7661-785a-5be6b66cce35}"
EndProject
Project("{FAE04EC0-301F-11D3-BF4B-00C04F79EFBC}") = "Unity.RenderPipelines.Core.Runtime", "Unity.RenderPipelines.Core.Runtime.csproj", "{994a65cc-333b-f249-58cb-8ad1d3770e0b}"
EndProject
Project("{FAE04EC0-301F-11D3-BF4B-00C04F79EFBC}") = "Assembly-CSharp", "Assembly-CSharp.csproj", "{ad2223d7-5a8b-68db-89e8-70af327ef9f9}"
EndProject
Project("{FAE04EC0-301F-11D3-BF4B-00C04F79EFBC}") = "Unity.RenderPipelines.ShaderGraph.ShaderGraphLibrary", "Unity.RenderPipelines.ShaderGraph.ShaderGraphLibrary.csproj", "{7e6a925e-7325-1452-27e1-a36e2c95cd76}"
EndProject
Project("{FAE04EC0-301F-11D3-BF4B-00C04F79EFBC}") = "Unity.RenderPipeline.Universal.ShaderLibrary", "Unity.RenderPipeline.Universal.ShaderLibrary.csproj", "{2fd1a8c3-0053-c35d-1602-d76aa8003900}"
EndProject
Project("{FAE04EC0-301F-11D3-BF4B-00C04F79EFBC}") = "Unity.RenderPipelines.Core.ShaderLibrary", "Unity.RenderPipelines.Core.ShaderLibrary.csproj", "{d8b28a8e-ceae-9160-0efb-a1e3b530b5ae}"
EndProject
Project("{FAE04EC0-301F-11D3-BF4B-00C04F79EFBC}") = "Unity.RenderPipelines.Universal.Shaders", "Unity.RenderPipelines.Universal.Shaders.csproj", "{7c444746-0da5-746c-5746-2b234b153516}"
EndProject
Project("{FAE04EC0-301F-11D3-BF4B-00C04F79EFBC}") = "Unity.ShaderGraph.Editor", "Unity.ShaderGraph.Editor.csproj", "{95ac9e23-117b-9451-a2e7-4b597524df64}"
EndProject
Project("{FAE04EC0-301F-11D3-BF4B-00C04F79EFBC}") = "Unity.TextMeshPro.Editor", "Unity.TextMeshPro.Editor.csproj", "{a6d2b2d8-4280-30e0-e6f1-13b2085415cc}"
EndProject
Project("{FAE04EC0-301F-11D3-BF4B-00C04F79EFBC}") = "Unity.Timeline.Editor", "Unity.Timeline.Editor.csproj", "{f52349d2-624d-e2f4-8de7-78710e4e8669}"
EndProject
Project("{FAE04EC0-301F-11D3-BF4B-00C04F79EFBC}") = "UnityEditor.TestRunner", "UnityEditor.TestRunner.csproj", "{5cd973c4-06ab-74b8-700c-7714245ec845}"
EndProject
Project("{FAE04EC0-301F-11D3-BF4B-00C04F79EFBC}") = "Unity.RenderPipelines.Universal.Editor", "Unity.RenderPipelines.Universal.Editor.csproj", "{f22a06bf-fdbb-3d18-5092-c704e2affcd5}"
EndProject
Project("{FAE04EC0-301F-11D3-BF4B-00C04F79EFBC}") = "com.unity.cinemachine.editor", "com.unity.cinemachine.editor.csproj", "{3034309f-7cc1-d61a-2856-a7125343a6ad}"
EndProject
Project("{FAE04EC0-301F-11D3-BF4B-00C04F79EFBC}") = "UnityEditor.UI", "UnityEditor.UI.csproj", "{d60026d9-e9f7-f300-225c-d63367cf7b0e}"
EndProject
Project("{FAE04EC0-301F-11D3-BF4B-00C04F79EFBC}") = "Unity.Rider.Editor", "Unity.Rider.Editor.csproj", "{7b68a302-d810-be35-06c3-bd78deb70e14}"
EndProject
Project("{FAE04EC0-301F-11D3-BF4B-00C04F79EFBC}") = "Unity.RenderPipelines.Core.Editor", "Unity.RenderPipelines.Core.Editor.csproj", "{9287447f-93da-9bea-31ce-02cb4b7264f8}"
EndProject
Project("{FAE04EC0-301F-11D3-BF4B-00C04F79EFBC}") = "Unity.CollabProxy.Editor", "Unity.CollabProxy.Editor.csproj", "{38e89c8e-f6ca-f62e-968b-38a0ecb75f5d}"
EndProject
Project("{FAE04EC0-301F-11D3-BF4B-00C04F79EFBC}") = "Unity.VSCode.Editor", "Unity.VSCode.Editor.csproj", "{32bfa5cd-2e12-9260-43ba-edc29295b48d}"
EndProject
Project("{FAE04EC0-301F-11D3-BF4B-00C04F79EFBC}") = "Unity.ShaderGraph.Utilities", "Unity.ShaderGraph.Utilities.csproj", "{9b2b87f3-680d-f4a9-77e9-3bddb95bc38d}"
EndProject
Project("{FAE04EC0-301F-11D3-BF4B-00C04F79EFBC}") = "Assembly-CSharp-Editor", "Assembly-CSharp-Editor.csproj", "{5d63ac34-5fa6-16a7-334b-2fe5de008200}"
EndProject
Global
	GlobalSection(SolutionConfigurationPlatforms) = preSolution
		Debug|Any CPU = Debug|Any CPU
	EndGlobalSection
	GlobalSection(ProjectConfigurationPlatforms) = postSolution
		{769a1e50-ac6f-a839-2dcd-315b9e02afe7}.Debug|Any CPU.ActiveCfg = Debug|Any CPU
		{769a1e50-ac6f-a839-2dcd-315b9e02afe7}.Debug|Any CPU.Build.0 = Debug|Any CPU
		{9c8255ba-0beb-e409-6e8b-67d424e818f7}.Debug|Any CPU.ActiveCfg = Debug|Any CPU
		{9c8255ba-0beb-e409-6e8b-67d424e818f7}.Debug|Any CPU.Build.0 = Debug|Any CPU
		{26a2287f-935b-5c13-d141-3d8ca94eb875}.Debug|Any CPU.ActiveCfg = Debug|Any CPU
		{26a2287f-935b-5c13-d141-3d8ca94eb875}.Debug|Any CPU.Build.0 = Debug|Any CPU
		{452fa916-c9bb-58ee-c4b3-c51ddc496652}.Debug|Any CPU.ActiveCfg = Debug|Any CPU
		{452fa916-c9bb-58ee-c4b3-c51ddc496652}.Debug|Any CPU.Build.0 = Debug|Any CPU
		{7fa57bd5-5388-8f29-a737-ddbc51e8ad69}.Debug|Any CPU.ActiveCfg = Debug|Any CPU
		{7fa57bd5-5388-8f29-a737-ddbc51e8ad69}.Debug|Any CPU.Build.0 = Debug|Any CPU
		{fd8b20ff-d6cf-7661-785a-5be6b66cce35}.Debug|Any CPU.ActiveCfg = Debug|Any CPU
		{fd8b20ff-d6cf-7661-785a-5be6b66cce35}.Debug|Any CPU.Build.0 = Debug|Any CPU
		{994a65cc-333b-f249-58cb-8ad1d3770e0b}.Debug|Any CPU.ActiveCfg = Debug|Any CPU
		{994a65cc-333b-f249-58cb-8ad1d3770e0b}.Debug|Any CPU.Build.0 = Debug|Any CPU
		{ad2223d7-5a8b-68db-89e8-70af327ef9f9}.Debug|Any CPU.ActiveCfg = Debug|Any CPU
		{ad2223d7-5a8b-68db-89e8-70af327ef9f9}.Debug|Any CPU.Build.0 = Debug|Any CPU
		{7e6a925e-7325-1452-27e1-a36e2c95cd76}.Debug|Any CPU.ActiveCfg = Debug|Any CPU
		{7e6a925e-7325-1452-27e1-a36e2c95cd76}.Debug|Any CPU.Build.0 = Debug|Any CPU
		{2fd1a8c3-0053-c35d-1602-d76aa8003900}.Debug|Any CPU.ActiveCfg = Debug|Any CPU
		{2fd1a8c3-0053-c35d-1602-d76aa8003900}.Debug|Any CPU.Build.0 = Debug|Any CPU
		{d8b28a8e-ceae-9160-0efb-a1e3b530b5ae}.Debug|Any CPU.ActiveCfg = Debug|Any CPU
		{d8b28a8e-ceae-9160-0efb-a1e3b530b5ae}.Debug|Any CPU.Build.0 = Debug|Any CPU
		{7c444746-0da5-746c-5746-2b234b153516}.Debug|Any CPU.ActiveCfg = Debug|Any CPU
		{7c444746-0da5-746c-5746-2b234b153516}.Debug|Any CPU.Build.0 = Debug|Any CPU
		{95ac9e23-117b-9451-a2e7-4b597524df64}.Debug|Any CPU.ActiveCfg = Debug|Any CPU
		{95ac9e23-117b-9451-a2e7-4b597524df64}.Debug|Any CPU.Build.0 = Debug|Any CPU
		{a6d2b2d8-4280-30e0-e6f1-13b2085415cc}.Debug|Any CPU.ActiveCfg = Debug|Any CPU
		{a6d2b2d8-4280-30e0-e6f1-13b2085415cc}.Debug|Any CPU.Build.0 = Debug|Any CPU
		{f52349d2-624d-e2f4-8de7-78710e4e8669}.Debug|Any CPU.ActiveCfg = Debug|Any CPU
		{f52349d2-624d-e2f4-8de7-78710e4e8669}.Debug|Any CPU.Build.0 = Debug|Any CPU
		{5cd973c4-06ab-74b8-700c-7714245ec845}.Debug|Any CPU.ActiveCfg = Debug|Any CPU
		{5cd973c4-06ab-74b8-700c-7714245ec845}.Debug|Any CPU.Build.0 = Debug|Any CPU
		{f22a06bf-fdbb-3d18-5092-c704e2affcd5}.Debug|Any CPU.ActiveCfg = Debug|Any CPU
		{f22a06bf-fdbb-3d18-5092-c704e2affcd5}.Debug|Any CPU.Build.0 = Debug|Any CPU
		{3034309f-7cc1-d61a-2856-a7125343a6ad}.Debug|Any CPU.ActiveCfg = Debug|Any CPU
		{3034309f-7cc1-d61a-2856-a7125343a6ad}.Debug|Any CPU.Build.0 = Debug|Any CPU
		{d60026d9-e9f7-f300-225c-d63367cf7b0e}.Debug|Any CPU.ActiveCfg = Debug|Any CPU
		{d60026d9-e9f7-f300-225c-d63367cf7b0e}.Debug|Any CPU.Build.0 = Debug|Any CPU
		{7b68a302-d810-be35-06c3-bd78deb70e14}.Debug|Any CPU.ActiveCfg = Debug|Any CPU
		{7b68a302-d810-be35-06c3-bd78deb70e14}.Debug|Any CPU.Build.0 = Debug|Any CPU
		{9287447f-93da-9bea-31ce-02cb4b7264f8}.Debug|Any CPU.ActiveCfg = Debug|Any CPU
		{9287447f-93da-9bea-31ce-02cb4b7264f8}.Debug|Any CPU.Build.0 = Debug|Any CPU
		{38e89c8e-f6ca-f62e-968b-38a0ecb75f5d}.Debug|Any CPU.ActiveCfg = Debug|Any CPU
		{38e89c8e-f6ca-f62e-968b-38a0ecb75f5d}.Debug|Any CPU.Build.0 = Debug|Any CPU
		{32bfa5cd-2e12-9260-43ba-edc29295b48d}.Debug|Any CPU.ActiveCfg = Debug|Any CPU
		{32bfa5cd-2e12-9260-43ba-edc29295b48d}.Debug|Any CPU.Build.0 = Debug|Any CPU
		{9b2b87f3-680d-f4a9-77e9-3bddb95bc38d}.Debug|Any CPU.ActiveCfg = Debug|Any CPU
		{9b2b87f3-680d-f4a9-77e9-3bddb95bc38d}.Debug|Any CPU.Build.0 = Debug|Any CPU
		{5d63ac34-5fa6-16a7-334b-2fe5de008200}.Debug|Any CPU.ActiveCfg = Debug|Any CPU
		{5d63ac34-5fa6-16a7-334b-2fe5de008200}.Debug|Any CPU.Build.0 = Debug|Any CPU
	EndGlobalSection
	GlobalSection(SolutionProperties) = preSolution
		HideSolutionNode = FALSE
	EndGlobalSection
EndGlobal
